// !$*UTF8*$!
{
	archiveVersion = 1;
	classes = {
	};
	objectVersion = 50;
	objects = {

/* Begin PBXBuildFile section */
		F573F47925AE210100BDE1BE /* EduatainmentApp.swift in Sources */ = {isa = PBXBuildFile; fileRef = F573F47825AE210100BDE1BE /* EduatainmentApp.swift */; };
		F573F47B25AE210100BDE1BE /* ContentView.swift in Sources */ = {isa = PBXBuildFile; fileRef = F573F47A25AE210100BDE1BE /* ContentView.swift */; };
		F573F47D25AE210300BDE1BE /* Assets.xcassets in Resources */ = {isa = PBXBuildFile; fileRef = F573F47C25AE210300BDE1BE /* Assets.xcassets */; };
		F573F48025AE210300BDE1BE /* Preview Assets.xcassets in Resources */ = {isa = PBXBuildFile; fileRef = F573F47F25AE210300BDE1BE /* Preview Assets.xcassets */; };
		F573F48B25AE210400BDE1BE /* EduatainmentTests.swift in Sources */ = {isa = PBXBuildFile; fileRef = F573F48A25AE210400BDE1BE /* EduatainmentTests.swift */; };
		F573F49625AE210400BDE1BE /* EduatainmentUITests.swift in Sources */ = {isa = PBXBuildFile; fileRef = F573F49525AE210400BDE1BE /* EduatainmentUITests.swift */; };
/* End PBXBuildFile section */

/* Begin PBXContainerItemProxy section */
		F573F48725AE210400BDE1BE /* PBXContainerItemProxy */ = {
			isa = PBXContainerItemProxy;
			containerPortal = F573F46D25AE210100BDE1BE /* Project object */;
			proxyType = 1;
			remoteGlobalIDString = F573F47425AE210100BDE1BE;
			remoteInfo = Eduatainment;
		};
		F573F49225AE210400BDE1BE /* PBXContainerItemProxy */ = {
			isa = PBXContainerItemProxy;
			containerPortal = F573F46D25AE210100BDE1BE /* Project object */;
			proxyType = 1;
			remoteGlobalIDString = F573F47425AE210100BDE1BE;
			remoteInfo = Eduatainment;
		};
/* End PBXContainerItemProxy section */

/* Begin PBXFileReference section */
		F573F47525AE210100BDE1BE /* Eduatainment.app */ = {isa = PBXFileReference; explicitFileType = wrapper.application; includeInIndex = 0; path = Eduatainment.app; sourceTree = BUILT_PRODUCTS_DIR; };
		F573F47825AE210100BDE1BE /* EduatainmentApp.swift */ = {isa = PBXFileReference; lastKnownFileType = sourcecode.swift; path = EduatainmentApp.swift; sourceTree = "<group>"; };
		F573F47A25AE210100BDE1BE /* ContentView.swift */ = {isa = PBXFileReference; lastKnownFileType = sourcecode.swift; path = ContentView.swift; sourceTree = "<group>"; };
		F573F47C25AE210300BDE1BE /* Assets.xcassets */ = {isa = PBXFileReference; lastKnownFileType = folder.assetcatalog; path = Assets.xcassets; sourceTree = "<group>"; };
		F573F47F25AE210300BDE1BE /* Preview Assets.xcassets */ = {isa = PBXFileReference; lastKnownFileType = folder.assetcatalog; path = "Preview Assets.xcassets"; sourceTree = "<group>"; };
		F573F48125AE210300BDE1BE /* Info.plist */ = {isa = PBXFileReference; lastKnownFileType = text.plist.xml; path = Info.plist; sourceTree = "<group>"; };
		F573F48625AE210400BDE1BE /* EduatainmentTests.xctest */ = {isa = PBXFileReference; explicitFileType = wrapper.cfbundle; includeInIndex = 0; path = EduatainmentTests.xctest; sourceTree = BUILT_PRODUCTS_DIR; };
		F573F48A25AE210400BDE1BE /* EduatainmentTests.swift */ = {isa = PBXFileReference; lastKnownFileType = sourcecode.swift; path = EduatainmentTests.swift; sourceTree = "<group>"; };
		F573F48C25AE210400BDE1BE /* Info.plist */ = {isa = PBXFileReference; lastKnownFileType = text.plist.xml; path = Info.plist; sourceTree = "<group>"; };
		F573F49125AE210400BDE1BE /* EduatainmentUITests.xctest */ = {isa = PBXFileReference; explicitFileType = wrapper.cfbundle; includeInIndex = 0; path = EduatainmentUITests.xctest; sourceTree = BUILT_PRODUCTS_DIR; };
		F573F49525AE210400BDE1BE /* EduatainmentUITests.swift */ = {isa = PBXFileReference; lastKnownFileType = sourcecode.swift; path = EduatainmentUITests.swift; sourceTree = "<group>"; };
		F573F49725AE210400BDE1BE /* Info.plist */ = {isa = PBXFileReference; lastKnownFileType = text.plist.xml; path = Info.plist; sourceTree = "<group>"; };
/* End PBXFileReference section */

/* Begin PBXFrameworksBuildPhase section */
		F573F47225AE210100BDE1BE /* Frameworks */ = {
			isa = PBXFrameworksBuildPhase;
			buildActionMask = 2147483647;
			files = (
			);
			runOnlyForDeploymentPostprocessing = 0;
		};
		F573F48325AE210400BDE1BE /* Frameworks */ = {
			isa = PBXFrameworksBuildPhase;
			buildActionMask = 2147483647;
			files = (
			);
			runOnlyForDeploymentPostprocessing = 0;
		};
		F573F48E25AE210400BDE1BE /* Frameworks */ = {
			isa = PBXFrameworksBuildPhase;
			buildActionMask = 2147483647;
			files = (
			);
			runOnlyForDeploymentPostprocessing = 0;
		};
/* End PBXFrameworksBuildPhase section */

/* Begin PBXGroup section */
		F573F46C25AE210100BDE1BE = {
			isa = PBXGroup;
			children = (
				F573F47725AE210100BDE1BE /* Eduatainment */,
				F573F48925AE210400BDE1BE /* EduatainmentTests */,
				F573F49425AE210400BDE1BE /* EduatainmentUITests */,
				F573F47625AE210100BDE1BE /* Products */,
			);
			sourceTree = "<group>";
		};
		F573F47625AE210100BDE1BE /* Products */ = {
			isa = PBXGroup;
			children = (
				F573F47525AE210100BDE1BE /* Eduatainment.app */,
				F573F48625AE210400BDE1BE /* EduatainmentTests.xctest */,
				F573F49125AE210400BDE1BE /* EduatainmentUITests.xctest */,
			);
			name = Products;
			sourceTree = "<group>";
		};
		F573F47725AE210100BDE1BE /* Eduatainment */ = {
			isa = PBXGroup;
			children = (
				F573F47825AE210100BDE1BE /* EduatainmentApp.swift */,
				F573F47A25AE210100BDE1BE /* ContentView.swift */,
				F573F47C25AE210300BDE1BE /* Assets.xcassets */,
				F573F48125AE210300BDE1BE /* Info.plist */,
				F573F47E25AE210300BDE1BE /* Preview Content */,
			);
			path = Eduatainment;
			sourceTree = "<group>";
		};
		F573F47E25AE210300BDE1BE /* Preview Content */ = {
			isa = PBXGroup;
			children = (
				F573F47F25AE210300BDE1BE /* Preview Assets.xcassets */,
			);
			path = "Preview Content";
			sourceTree = "<group>";
		};
		F573F48925AE210400BDE1BE /* EduatainmentTests */ = {
			isa = PBXGroup;
			children = (
				F573F48A25AE210400BDE1BE /* EduatainmentTests.swift */,
				F573F48C25AE210400BDE1BE /* Info.plist */,
			);
			path = EduatainmentTests;
			sourceTree = "<group>";
		};
		F573F49425AE210400BDE1BE /* EduatainmentUITests */ = {
			isa = PBXGroup;
			children = (
				F573F49525AE210400BDE1BE /* EduatainmentUITests.swift */,
				F573F49725AE210400BDE1BE /* Info.plist */,
			);
			path = EduatainmentUITests;
			sourceTree = "<group>";
		};
/* End PBXGroup section */

/* Begin PBXNativeTarget section */
		F573F47425AE210100BDE1BE /* Eduatainment */ = {
			isa = PBXNativeTarget;
			buildConfigurationList = F573F49A25AE210400BDE1BE /* Build configuration list for PBXNativeTarget "Eduatainment" */;
			buildPhases = (
				F573F47125AE210100BDE1BE /* Sources */,
				F573F47225AE210100BDE1BE /* Frameworks */,
				F573F47325AE210100BDE1BE /* Resources */,
			);
			buildRules = (
			);
			dependencies = (
			);
			name = Eduatainment;
			productName = Eduatainment;
			productReference = F573F47525AE210100BDE1BE /* Eduatainment.app */;
			productType = "com.apple.product-type.application";
		};
		F573F48525AE210400BDE1BE /* EduatainmentTests */ = {
			isa = PBXNativeTarget;
			buildConfigurationList = F573F49D25AE210400BDE1BE /* Build configuration list for PBXNativeTarget "EduatainmentTests" */;
			buildPhases = (
				F573F48225AE210400BDE1BE /* Sources */,
				F573F48325AE210400BDE1BE /* Frameworks */,
				F573F48425AE210400BDE1BE /* Resources */,
			);
			buildRules = (
			);
			dependencies = (
				F573F48825AE210400BDE1BE /* PBXTargetDependency */,
			);
			name = EduatainmentTests;
			productName = EduatainmentTests;
			productReference = F573F48625AE210400BDE1BE /* EduatainmentTests.xctest */;
			productType = "com.apple.product-type.bundle.unit-test";
		};
		F573F49025AE210400BDE1BE /* EduatainmentUITests */ = {
			isa = PBXNativeTarget;
			buildConfigurationList = F573F4A025AE210400BDE1BE /* Build configuration list for PBXNativeTarget "EduatainmentUITests" */;
			buildPhases = (
				F573F48D25AE210400BDE1BE /* Sources */,
				F573F48E25AE210400BDE1BE /* Frameworks */,
				F573F48F25AE210400BDE1BE /* Resources */,
			);
			buildRules = (
			);
			dependencies = (
				F573F49325AE210400BDE1BE /* PBXTargetDependency */,
			);
			name = EduatainmentUITests;
			productName = EduatainmentUITests;
			productReference = F573F49125AE210400BDE1BE /* EduatainmentUITests.xctest */;
			productType = "com.apple.product-type.bundle.ui-testing";
		};
/* End PBXNativeTarget section */

/* Begin PBXProject section */
		F573F46D25AE210100BDE1BE /* Project object */ = {
			isa = PBXProject;
			attributes = {
				LastSwiftUpdateCheck = 1230;
				LastUpgradeCheck = 1230;
				TargetAttributes = {
					F573F47425AE210100BDE1BE = {
						CreatedOnToolsVersion = 12.3;
					};
					F573F48525AE210400BDE1BE = {
						CreatedOnToolsVersion = 12.3;
						TestTargetID = F573F47425AE210100BDE1BE;
					};
					F573F49025AE210400BDE1BE = {
						CreatedOnToolsVersion = 12.3;
						TestTargetID = F573F47425AE210100BDE1BE;
					};
				};
			};
			buildConfigurationList = F573F47025AE210100BDE1BE /* Build configuration list for PBXProject "Eduatainment" */;
			compatibilityVersion = "Xcode 9.3";
			developmentRegion = en;
			hasScannedForEncodings = 0;
			knownRegions = (
				en,
				Base,
			);
			mainGroup = F573F46C25AE210100BDE1BE;
			productRefGroup = F573F47625AE210100BDE1BE /* Products */;
			projectDirPath = "";
			projectRoot = "";
			targets = (
				F573F47425AE210100BDE1BE /* Eduatainment */,
				F573F48525AE210400BDE1BE /* EduatainmentTests */,
				F573F49025AE210400BDE1BE /* EduatainmentUITests */,
			);
		};
/* End PBXProject section */

/* Begin PBXResourcesBuildPhase section */
		F573F47325AE210100BDE1BE /* Resources */ = {
			isa = PBXResourcesBuildPhase;
			buildActionMask = 2147483647;
			files = (
				F573F48025AE210300BDE1BE /* Preview Assets.xcassets in Resources */,
				F573F47D25AE210300BDE1BE /* Assets.xcassets in Resources */,
			);
			runOnlyForDeploymentPostprocessing = 0;
		};
		F573F48425AE210400BDE1BE /* Resources */ = {
			isa = PBXResourcesBuildPhase;
			buildActionMask = 2147483647;
			files = (
			);
			runOnlyForDeploymentPostprocessing = 0;
		};
		F573F48F25AE210400BDE1BE /* Resources */ = {
			isa = PBXResourcesBuildPhase;
			buildActionMask = 2147483647;
			files = (
			);
			runOnlyForDeploymentPostprocessing = 0;
		};
/* End PBXResourcesBuildPhase section */

/* Begin PBXSourcesBuildPhase section */
		F573F47125AE210100BDE1BE /* Sources */ = {
			isa = PBXSourcesBuildPhase;
			buildActionMask = 2147483647;
			files = (
				F573F47B25AE210100BDE1BE /* ContentView.swift in Sources */,
				F573F47925AE210100BDE1BE /* EduatainmentApp.swift in Sources */,
			);
			runOnlyForDeploymentPostprocessing = 0;
		};
		F573F48225AE210400BDE1BE /* Sources */ = {
			isa = PBXSourcesBuildPhase;
			buildActionMask = 2147483647;
			files = (
				F573F48B25AE210400BDE1BE /* EduatainmentTests.swift in Sources */,
			);
			runOnlyForDeploymentPostprocessing = 0;
		};
		F573F48D25AE210400BDE1BE /* Sources */ = {
			isa = PBXSourcesBuildPhase;
			buildActionMask = 2147483647;
			files = (
				F573F49625AE210400BDE1BE /* EduatainmentUITests.swift in Sources */,
			);
			runOnlyForDeploymentPostprocessing = 0;
		};
/* End PBXSourcesBuildPhase section */

/* Begin PBXTargetDependency section */
		F573F48825AE210400BDE1BE /* PBXTargetDependency */ = {
			isa = PBXTargetDependency;
			target = F573F47425AE210100BDE1BE /* Eduatainment */;
			targetProxy = F573F48725AE210400BDE1BE /* PBXContainerItemProxy */;
		};
		F573F49325AE210400BDE1BE /* PBXTargetDependency */ = {
			isa = PBXTargetDependency;
			target = F573F47425AE210100BDE1BE /* Eduatainment */;
			targetProxy = F573F49225AE210400BDE1BE /* PBXContainerItemProxy */;
		};
/* End PBXTargetDependency section */

/* Begin XCBuildConfiguration section */
		F573F49825AE210400BDE1BE /* Debug */ = {
			isa = XCBuildConfiguration;
			buildSettings = {
				ALWAYS_SEARCH_USER_PATHS = NO;
				CLANG_ANALYZER_NONNULL = YES;
				CLANG_ANALYZER_NUMBER_OBJECT_CONVERSION = YES_AGGRESSIVE;
				CLANG_CXX_LANGUAGE_STANDARD = "gnu++14";
				CLANG_CXX_LIBRARY = "libc++";
				CLANG_ENABLE_MODULES = YES;
				CLANG_ENABLE_OBJC_ARC = YES;
				CLANG_ENABLE_OBJC_WEAK = YES;
				CLANG_WARN_BLOCK_CAPTURE_AUTORELEASING = YES;
				CLANG_WARN_BOOL_CONVERSION = YES;
				CLANG_WARN_COMMA = YES;
				CLANG_WARN_CONSTANT_CONVERSION = YES;
				CLANG_WARN_DEPRECATED_OBJC_IMPLEMENTATIONS = YES;
				CLANG_WARN_DIRECT_OBJC_ISA_USAGE = YES_ERROR;
				CLANG_WARN_DOCUMENTATION_COMMENTS = YES;
				CLANG_WARN_EMPTY_BODY = YES;
				CLANG_WARN_ENUM_CONVERSION = YES;
				CLANG_WARN_INFINITE_RECURSION = YES;
				CLANG_WARN_INT_CONVERSION = YES;
				CLANG_WARN_NON_LITERAL_NULL_CONVERSION = YES;
				CLANG_WARN_OBJC_IMPLICIT_RETAIN_SELF = YES;
				CLANG_WARN_OBJC_LITERAL_CONVERSION = YES;
				CLANG_WARN_OBJC_ROOT_CLASS = YES_ERROR;
				CLANG_WARN_QUOTED_INCLUDE_IN_FRAMEWORK_HEADER = YES;
				CLANG_WARN_RANGE_LOOP_ANALYSIS = YES;
				CLANG_WARN_STRICT_PROTOTYPES = YES;
				CLANG_WARN_SUSPICIOUS_MOVE = YES;
				CLANG_WARN_UNGUARDED_AVAILABILITY = YES_AGGRESSIVE;
				CLANG_WARN_UNREACHABLE_CODE = YES;
				CLANG_WARN__DUPLICATE_METHOD_MATCH = YES;
				COPY_PHASE_STRIP = NO;
				DEBUG_INFORMATION_FORMAT = dwarf;
				ENABLE_STRICT_OBJC_MSGSEND = YES;
				ENABLE_TESTABILITY = YES;
				GCC_C_LANGUAGE_STANDARD = gnu11;
				GCC_DYNAMIC_NO_PIC = NO;
				GCC_NO_COMMON_BLOCKS = YES;
				GCC_OPTIMIZATION_LEVEL = 0;
				GCC_PREPROCESSOR_DEFINITIONS = (
					"DEBUG=1",
					"$(inherited)",
				);
				GCC_WARN_64_TO_32_BIT_CONVERSION = YES;
				GCC_WARN_ABOUT_RETURN_TYPE = YES_ERROR;
				GCC_WARN_UNDECLARED_SELECTOR = YES;
				GCC_WARN_UNINITIALIZED_AUTOS = YES_AGGRESSIVE;
				GCC_WARN_UNUSED_FUNCTION = YES;
				GCC_WARN_UNUSED_VARIABLE = YES;
				IPHONEOS_DEPLOYMENT_TARGET = 14.3;
				MTL_ENABLE_DEBUG_INFO = INCLUDE_SOURCE;
				MTL_FAST_MATH = YES;
				ONLY_ACTIVE_ARCH = YES;
				SDKROOT = iphoneos;
				SWIFT_ACTIVE_COMPILATION_CONDITIONS = DEBUG;
				SWIFT_OPTIMIZATION_LEVEL = "-Onone";
			};
			name = Debug;
		};
		F573F49925AE210400BDE1BE /* Release */ = {
			isa = XCBuildConfiguration;
			buildSettings = {
				ALWAYS_SEARCH_USER_PATHS = NO;
				CLANG_ANALYZER_NONNULL = YES;
				CLANG_ANALYZER_NUMBER_OBJECT_CONVERSION = YES_AGGRESSIVE;
				CLANG_CXX_LANGUAGE_STANDARD = "gnu++14";
				CLANG_CXX_LIBRARY = "libc++";
				CLANG_ENABLE_MODULES = YES;
				CLANG_ENABLE_OBJC_ARC = YES;
				CLANG_ENABLE_OBJC_WEAK = YES;
				CLANG_WARN_BLOCK_CAPTURE_AUTORELEASING = YES;
				CLANG_WARN_BOOL_CONVERSION = YES;
				CLANG_WARN_COMMA = YES;
				CLANG_WARN_CONSTANT_CONVERSION = YES;
				CLANG_WARN_DEPRECATED_OBJC_IMPLEMENTATIONS = YES;
				CLANG_WARN_DIRECT_OBJC_ISA_USAGE = YES_ERROR;
				CLANG_WARN_DOCUMENTATION_COMMENTS = YES;
				CLANG_WARN_EMPTY_BODY = YES;
				CLANG_WARN_ENUM_CONVERSION = YES;
				CLANG_WARN_INFINITE_RECURSION = YES;
				CLANG_WARN_INT_CONVERSION = YES;
				CLANG_WARN_NON_LITERAL_NULL_CONVERSION = YES;
				CLANG_WARN_OBJC_IMPLICIT_RETAIN_SELF = YES;
				CLANG_WARN_OBJC_LITERAL_CONVERSION = YES;
				CLANG_WARN_OBJC_ROOT_CLASS = YES_ERROR;
				CLANG_WARN_QUOTED_INCLUDE_IN_FRAMEWORK_HEADER = YES;
				CLANG_WARN_RANGE_LOOP_ANALYSIS = YES;
				CLANG_WARN_STRICT_PROTOTYPES = YES;
				CLANG_WARN_SUSPICIOUS_MOVE = YES;
				CLANG_WARN_UNGUARDED_AVAILABILITY = YES_AGGRESSIVE;
				CLANG_WARN_UNREACHABLE_CODE = YES;
				CLANG_WARN__DUPLICATE_METHOD_MATCH = YES;
				COPY_PHASE_STRIP = NO;
				DEBUG_INFORMATION_FORMAT = "dwarf-with-dsym";
				ENABLE_NS_ASSERTIONS = NO;
				ENABLE_STRICT_OBJC_MSGSEND = YES;
				GCC_C_LANGUAGE_STANDARD = gnu11;
				GCC_NO_COMMON_BLOCKS = YES;
				GCC_WARN_64_TO_32_BIT_CONVERSION = YES;
				GCC_WARN_ABOUT_RETURN_TYPE = YES_ERROR;
				GCC_WARN_UNDECLARED_SELECTOR = YES;
				GCC_WARN_UNINITIALIZED_AUTOS = YES_AGGRESSIVE;
				GCC_WARN_UNUSED_FUNCTION = YES;
				GCC_WARN_UNUSED_VARIABLE = YES;
				IPHONEOS_DEPLOYMENT_TARGET = 14.3;
				MTL_ENABLE_DEBUG_INFO = NO;
				MTL_FAST_MATH = YES;
				SDKROOT = iphoneos;
				SWIFT_COMPILATION_MODE = wholemodule;
				SWIFT_OPTIMIZATION_LEVEL = "-O";
				VALIDATE_PRODUCT = YES;
			};
			name = Release;
		};
		F573F49B25AE210400BDE1BE /* Debug */ = {
			isa = XCBuildConfiguration;
			buildSettings = {
				ASSETCATALOG_COMPILER_APPICON_NAME = AppIcon;
				ASSETCATALOG_COMPILER_GLOBAL_ACCENT_COLOR_NAME = AccentColor;
				CODE_SIGN_STYLE = Automatic;
				DEVELOPMENT_ASSET_PATHS = "\"Eduatainment/Preview Content\"";
				ENABLE_PREVIEWS = YES;
				INFOPLIST_FILE = Eduatainment/Info.plist;
				IPHONEOS_DEPLOYMENT_TARGET = 14.0;
				LD_RUNPATH_SEARCH_PATHS = (
					"$(inherited)",
					"@executable_path/Frameworks",
				);
				PRODUCT_BUNDLE_IDENTIFIER = com..Eduatainment;
				PRODUCT_NAME = "$(TARGET_NAME)";
				SWIFT_VERSION = 5.0;
				TARGETED_DEVICE_FAMILY = "1,2";
			};
			name = Debug;
		};
		F573F49C25AE210400BDE1BE /* Release */ = {
			isa = XCBuildConfiguration;
			buildSettings = {
				ASSETCATALOG_COMPILER_APPICON_NAME = AppIcon;
				ASSETCATALOG_COMPILER_GLOBAL_ACCENT_COLOR_NAME = AccentColor;
				CODE_SIGN_STYLE = Automatic;
				DEVELOPMENT_ASSET_PATHS = "\"Eduatainment/Preview Content\"";
				ENABLE_PREVIEWS = YES;
				INFOPLIST_FILE = Eduatainment/Info.plist;
				IPHONEOS_DEPLOYMENT_TARGET = 14.0;
				LD_RUNPATH_SEARCH_PATHS = (
					"$(inherited)",
					"@executable_path/Frameworks",
				);
				PRODUCT_BUNDLE_IDENTIFIER = com..Eduatainment;
				PRODUCT_NAME = "$(TARGET_NAME)";
				SWIFT_VERSION = 5.0;
				TARGETED_DEVICE_FAMILY = "1,2";
			};
			name = Release;
		};
		F573F49E25AE210400BDE1BE /* Debug */ = {
			isa = XCBuildConfiguration;
			buildSettings = {
				ALWAYS_EMBED_SWIFT_STANDARD_LIBRARIES = YES;
				BUNDLE_LOADER = "$(TEST_HOST)";
				CODE_SIGN_STYLE = Automatic;
				INFOPLIST_FILE = EduatainmentTests/Info.plist;
				IPHONEOS_DEPLOYMENT_TARGET = 14.0;
				LD_RUNPATH_SEARCH_PATHS = (
					"$(inherited)",
					"@executable_path/Frameworks",
					"@loader_path/Frameworks",
				);
				PRODUCT_BUNDLE_IDENTIFIER = com..EduatainmentTests;
				PRODUCT_NAME = "$(TARGET_NAME)";
				SWIFT_VERSION = 5.0;
				TARGETED_DEVICE_FAMILY = "1,2";
				TEST_HOST = "$(BUILT_PRODUCTS_DIR)/Eduatainment.app/Eduatainment";
			};
			name = Debug;
		};
		F573F49F25AE210400BDE1BE /* Release */ = {
			isa = XCBuildConfiguration;
			buildSettings = {
				ALWAYS_EMBED_SWIFT_STANDARD_LIBRARIES = YES;
				BUNDLE_LOADER = "$(TEST_HOST)";
				CODE_SIGN_STYLE = Automatic;
				INFOPLIST_FILE = EduatainmentTests/Info.plist;
				IPHONEOS_DEPLOYMENT_TARGET = 14.0;
				LD_RUNPATH_SEARCH_PATHS = (
					"$(inherited)",
					"@executable_path/Frameworks",
					"@loader_path/Frameworks",
				);
				PRODUCT_BUNDLE_IDENTIFIER = com..EduatainmentTests;
				PRODUCT_NAME = "$(TARGET_NAME)";
				SWIFT_VERSION = 5.0;
				TARGETED_DEVICE_FAMILY = "1,2";
				TEST_HOST = "$(BUILT_PRODUCTS_DIR)/Eduatainment.app/Eduatainment";
			};
			name = Release;
		};
		F573F4A125AE210400BDE1BE /* Debug */ = {
			isa = XCBuildConfiguration;
			buildSettings = {
				ALWAYS_EMBED_SWIFT_STANDARD_LIBRARIES = YES;
				CODE_SIGN_STYLE = Automatic;
				INFOPLIST_FILE = EduatainmentUITests/Info.plist;
				LD_RUNPATH_SEARCH_PATHS = (
					"$(inherited)",
					"@executable_path/Frameworks",
					"@loader_path/Frameworks",
				);
				PRODUCT_BUNDLE_IDENTIFIER = com..EduatainmentUITests;
				PRODUCT_NAME = "$(TARGET_NAME)";
				SWIFT_VERSION = 5.0;
				TARGETED_DEVICE_FAMILY = "1,2";
				TEST_TARGET_NAME = Eduatainment;
			};
			name = Debug;
		};
		F573F4A225AE210400BDE1BE /* Release */ = {
			isa = XCBuildConfiguration;
			buildSettings = {
				ALWAYS_EMBED_SWIFT_STANDARD_LIBRARIES = YES;
				CODE_SIGN_STYLE = Automatic;
				INFOPLIST_FILE = EduatainmentUITests/Info.plist;
				LD_RUNPATH_SEARCH_PATHS = (
					"$(inherited)",
					"@executable_path/Frameworks",
					"@loader_path/Frameworks",
				);
				PRODUCT_BUNDLE_IDENTIFIER = com..EduatainmentUITests;
				PRODUCT_NAME = "$(TARGET_NAME)";
				SWIFT_VERSION = 5.0;
				TARGETED_DEVICE_FAMILY = "1,2";
				TEST_TARGET_NAME = Eduatainment;
			};
			name = Release;
		};
/* End XCBuildConfiguration section */

/* Begin XCConfigurationList section */
		F573F47025AE210100BDE1BE /* Build configuration list for PBXProject "Eduatainment" */ = {
			isa = XCConfigurationList;
			buildConfigurations = (
				F573F49825AE210400BDE1BE /* Debug */,
				F573F49925AE210400BDE1BE /* Release */,
			);
			defaultConfigurationIsVisible = 0;
			defaultConfigurationName = Release;
		};
		F573F49A25AE210400BDE1BE /* Build configuration list for PBXNativeTarget "Eduatainment" */ = {
			isa = XCConfigurationList;
			buildConfigurations = (
				F573F49B25AE210400BDE1BE /* Debug */,
				F573F49C25AE210400BDE1BE /* Release */,
			);
			defaultConfigurationIsVisible = 0;
			defaultConfigurationName = Release;
		};
		F573F49D25AE210400BDE1BE /* Build configuration list for PBXNativeTarget "EduatainmentTests" */ = {
			isa = XCConfigurationList;
			buildConfigurations = (
				F573F49E25AE210400BDE1BE /* Debug */,
				F573F49F25AE210400BDE1BE /* Release */,
			);
			defaultConfigurationIsVisible = 0;
			defaultConfigurationName = Release;
		};
		F573F4A025AE210400BDE1BE /* Build configuration list for PBXNativeTarget "EduatainmentUITests" */ = {
			isa = XCConfigurationList;
			buildConfigurations = (
				F573F4A125AE210400BDE1BE /* Debug */,
				F573F4A225AE210400BDE1BE /* Release */,
			);
			defaultConfigurationIsVisible = 0;
			defaultConfigurationName = Release;
		};
/* End XCConfigurationList section */
	};
	rootObject = F573F46D25AE210100BDE1BE /* Project object */;
}
